
Microsoft Visual Studio Solution File, Format Version 12.00
# Visual Studio Version 17
VisualStudioVersion = 17.10.34928.147
MinimumVisualStudioVersion = 10.0.40219.1
Project("{FAE04EC0-301F-11D3-BF4B-00C04F79EFBC}") = "Task_1", "Task_1\Task_1.csproj", "{585CC37C-4102-4DB3-9B6E-61AD9556F66A}"
EndProject
Project("{FAE04EC0-301F-11D3-BF4B-00C04F79EFBC}") = "Task_2", "Task_2\Task_2.csproj", "{B63C3D45-1D1A-4A42-B48B-4E3499DB7AF2}"
EndProject
Global
	GlobalSection(SolutionConfigurationPlatforms) = preSolution
		Debug|Any CPU = Debug|Any CPU
		Release|Any CPU = Release|Any CPU
	EndGlobalSection
	GlobalSection(ProjectConfigurationPlatforms) = postSolution
		{585CC37C-4102-4DB3-9B6E-61AD9556F66A}.Debug|Any CPU.ActiveCfg = Debug|Any CPU
		{585CC37C-4102-4DB3-9B6E-61AD9556F66A}.Debug|Any CPU.Build.0 = Debug|Any CPU
		{585CC37C-4102-4DB3-9B6E-61AD9556F66A}.Release|Any CPU.ActiveCfg = Release|Any CPU
		{585CC37C-4102-4DB3-9B6E-61AD9556F66A}.Release|Any CPU.Build.0 = Release|Any CPU
		{B63C3D45-1D1A-4A42-B48B-4E3499DB7AF2}.Debug|Any CPU.ActiveCfg = Debug|Any CPU
		{B63C3D45-1D1A-4A42-B48B-4E3499DB7AF2}.Debug|Any CPU.Build.0 = Debug|Any CPU
		{B63C3D45-1D1A-4A42-B48B-4E3499DB7AF2}.Release|Any CPU.ActiveCfg = Release|Any CPU
		{B63C3D45-1D1A-4A42-B48B-4E3499DB7AF2}.Release|Any CPU.Build.0 = Release|Any CPU
	EndGlobalSection
	GlobalSection(SolutionProperties) = preSolution
		HideSolutionNode = FALSE
	EndGlobalSection
	GlobalSection(ExtensibilityGlobals) = postSolution
		SolutionGuid = {216B5992-116C-436E-B1D1-1DC2E4EBADCE}
	EndGlobalSection
EndGlobal
